
Microsoft Visual Studio Solution File, Format Version 12.00
# Visual Studio Version 17
VisualStudioVersion = 17.10.35027.167
MinimumVisualStudioVersion = 10.0.40219.1
Project("{FAE04EC0-301F-11D3-BF4B-00C04F79EFBC}") = "ImageWithMask", "ImageWithMask\ImageWithMask.csproj", "{1033A527-D0CF-480C-9B2E-AC037B22C538}"
EndProject
Global
	GlobalSection(SolutionConfigurationPlatforms) = preSolution
		Debug|ARM64 = Debug|ARM64
		Debug|x64 = Debug|x64
		Debug|x86 = Debug|x86
		Release|ARM64 = Release|ARM64
		Release|x64 = Release|x64
		Release|x86 = Release|x86
	EndGlobalSection
	GlobalSection(ProjectConfigurationPlatforms) = postSolution
		{1033A527-D0CF-480C-9B2E-AC037B22C538}.Debug|ARM64.ActiveCfg = Debug|ARM64
		{1033A527-D0CF-480C-9B2E-AC037B22C538}.Debug|ARM64.Build.0 = Debug|ARM64
		{1033A527-D0CF-480C-9B2E-AC037B22C538}.Debug|ARM64.Deploy.0 = Debug|ARM64
		{1033A527-D0CF-480C-9B2E-AC037B22C538}.Debug|x64.ActiveCfg = Debug|x64
		{1033A527-D0CF-480C-9B2E-AC037B22C538}.Debug|x64.Build.0 = Debug|x64
		{1033A527-D0CF-480C-9B2E-AC037B22C538}.Debug|x64.Deploy.0 = Debug|x64
		{1033A527-D0CF-480C-9B2E-AC037B22C538}.Debug|x86.ActiveCfg = Debug|x86
		{1033A527-D0CF-480C-9B2E-AC037B22C538}.Debug|x86.Build.0 = Debug|x86
		{1033A527-D0CF-480C-9B2E-AC037B22C538}.Debug|x86.Deploy.0 = Debug|x86
		{1033A527-D0CF-480C-9B2E-AC037B22C538}.Release|ARM64.ActiveCfg = Release|ARM64
		{1033A527-D0CF-480C-9B2E-AC037B22C538}.Release|ARM64.Build.0 = Release|ARM64
		{1033A527-D0CF-480C-9B2E-AC037B22C538}.Release|ARM64.Deploy.0 = Release|ARM64
		{1033A527-D0CF-480C-9B2E-AC037B22C538}.Release|x64.ActiveCfg = Release|x64
		{1033A527-D0CF-480C-9B2E-AC037B22C538}.Release|x64.Build.0 = Release|x64
		{1033A527-D0CF-480C-9B2E-AC037B22C538}.Release|x64.Deploy.0 = Release|x64
		{1033A527-D0CF-480C-9B2E-AC037B22C538}.Release|x86.ActiveCfg = Release|x86
		{1033A527-D0CF-480C-9B2E-AC037B22C538}.Release|x86.Build.0 = Release|x86
		{1033A527-D0CF-480C-9B2E-AC037B22C538}.Release|x86.Deploy.0 = Release|x86
	EndGlobalSection
	GlobalSection(SolutionProperties) = preSolution
		HideSolutionNode = FALSE
	EndGlobalSection
	GlobalSection(ExtensibilityGlobals) = postSolution
		SolutionGuid = {E8DBABA8-2F63-4BE0-8099-A56D10C012EC}
	EndGlobalSection
EndGlobal
